dependencies:
  argocd:
    version: 2.2.5
    versions:
    - 2.2.5
    githubRelease:
      assets:
      - browser_download_url: https://github.com/argoproj/argo-cd/releases/download/v2.2.5/argocd-darwin-amd64
        content_type: application/octet-stream
        created_at: "2022-02-05T01:42:20Z"
        download_count: 12
        id: 55896340
        label: ""
        name: argocd-darwin-amd64
        node_id: RA_kwDOBzS60s4DVOkU
        size: 110601920
        state: uploaded
        updated_at: "2022-02-05T01:42:24Z"
        uploader:
          avatar_url: https://avatars.githubusercontent.com/in/15368?v=4
          events_url: https://api.github.com/users/github-actions%5Bbot%5D/events{/privacy}
          followers_url: https://api.github.com/users/github-actions%5Bbot%5D/followers
          following_url: https://api.github.com/users/github-actions%5Bbot%5D/following{/other_user}
          gists_url: https://api.github.com/users/github-actions%5Bbot%5D/gists{/gist_id}
          gravatar_id: ""
          html_url: https://github.com/apps/github-actions
          id: 41898282
          login: github-actions[bot]
          node_id: MDM6Qm90NDE4OTgyODI=
          organizations_url: https://api.github.com/users/github-actions%5Bbot%5D/orgs
          received_events_url: https://api.github.com/users/github-actions%5Bbot%5D/received_events
          repos_url: https://api.github.com/users/github-actions%5Bbot%5D/repos
          site_admin: false
          starred_url: https://api.github.com/users/github-actions%5Bbot%5D/starred{/owner}{/repo}
          subscriptions_url: https://api.github.com/users/github-actions%5Bbot%5D/subscriptions
          type: Bot
          url: https://api.github.com/users/github-actions%5Bbot%5D
        url: https://api.github.com/repos/argoproj/argo-cd/releases/assets/55896340
      - browser_download_url: https://github.com/argoproj/argo-cd/releases/download/v2.2.5/argocd-linux-amd64
        content_type: application/octet-stream
        created_at: "2022-02-05T01:42:14Z"
        download_count: 188
        id: 55896339
        label: ""
        name: argocd-linux-amd64
        node_id: RA_kwDOBzS60s4DVOkT
        size: 111369759
        state: uploaded
        updated_at: "2022-02-05T01:42:20Z"
        uploader:
          avatar_url: https://avatars.githubusercontent.com/in/15368?v=4
          events_url: https://api.github.com/users/github-actions%5Bbot%5D/events{/privacy}
          followers_url: https://api.github.com/users/github-actions%5Bbot%5D/followers
          following_url: https://api.github.com/users/github-actions%5Bbot%5D/following{/other_user}
          gists_url: https://api.github.com/users/github-actions%5Bbot%5D/gists{/gist_id}
          gravatar_id: ""
          html_url: https://github.com/apps/github-actions
          id: 41898282
          login: github-actions[bot]
          node_id: MDM6Qm90NDE4OTgyODI=
          organizations_url: https://api.github.com/users/github-actions%5Bbot%5D/orgs
          received_events_url: https://api.github.com/users/github-actions%5Bbot%5D/received_events
          repos_url: https://api.github.com/users/github-actions%5Bbot%5D/repos
          site_admin: false
          starred_url: https://api.github.com/users/github-actions%5Bbot%5D/starred{/owner}{/repo}
          subscriptions_url: https://api.github.com/users/github-actions%5Bbot%5D/subscriptions
          type: Bot
          url: https://api.github.com/users/github-actions%5Bbot%5D
        url: https://api.github.com/repos/argoproj/argo-cd/releases/assets/55896339
      - browser_download_url: https://github.com/argoproj/argo-cd/releases/download/v2.2.5/argocd-windows-amd64.exe
        content_type: application/octet-stream
        created_at: "2022-02-05T01:42:25Z"
        download_count: 19
        id: 55896341
        label: ""
        name: argocd-windows-amd64.exe
        node_id: RA_kwDOBzS60s4DVOkV
        size: 113083392
        state: uploaded
        updated_at: "2022-02-05T01:42:29Z"
        uploader:
          avatar_url: https://avatars.githubusercontent.com/in/15368?v=4
          events_url: https://api.github.com/users/github-actions%5Bbot%5D/events{/privacy}
          followers_url: https://api.github.com/users/github-actions%5Bbot%5D/followers
          following_url: https://api.github.com/users/github-actions%5Bbot%5D/following{/other_user}
          gists_url: https://api.github.com/users/github-actions%5Bbot%5D/gists{/gist_id}
          gravatar_id: ""
          html_url: https://github.com/apps/github-actions
          id: 41898282
          login: github-actions[bot]
          node_id: MDM6Qm90NDE4OTgyODI=
          organizations_url: https://api.github.com/users/github-actions%5Bbot%5D/orgs
          received_events_url: https://api.github.com/users/github-actions%5Bbot%5D/received_events
          repos_url: https://api.github.com/users/github-actions%5Bbot%5D/repos
          site_admin: false
          starred_url: https://api.github.com/users/github-actions%5Bbot%5D/starred{/owner}{/repo}
          subscriptions_url: https://api.github.com/users/github-actions%5Bbot%5D/subscriptions
          type: Bot
          url: https://api.github.com/users/github-actions%5Bbot%5D
        url: https://api.github.com/repos/argoproj/argo-cd/releases/assets/55896341
      assets_url: https://api.github.com/repos/argoproj/argo-cd/releases/58743612/assets
      author:
        avatar_url: https://avatars.githubusercontent.com/in/15368?v=4
        events_url: https://api.github.com/users/github-actions%5Bbot%5D/events{/privacy}
        followers_url: https://api.github.com/users/github-actions%5Bbot%5D/followers
        following_url: https://api.github.com/users/github-actions%5Bbot%5D/following{/other_user}
        gists_url: https://api.github.com/users/github-actions%5Bbot%5D/gists{/gist_id}
        gravatar_id: ""
        html_url: https://github.com/apps/github-actions
        id: 41898282
        login: github-actions[bot]
        node_id: MDM6Qm90NDE4OTgyODI=
        organizations_url: https://api.github.com/users/github-actions%5Bbot%5D/orgs
        received_events_url: https://api.github.com/users/github-actions%5Bbot%5D/received_events
        repos_url: https://api.github.com/users/github-actions%5Bbot%5D/repos
        site_admin: false
        starred_url: https://api.github.com/users/github-actions%5Bbot%5D/starred{/owner}{/repo}
        subscriptions_url: https://api.github.com/users/github-actions%5Bbot%5D/subscriptions
        type: Bot
        url: https://api.github.com/users/github-actions%5Bbot%5D
      body: |-
        ## Quick Start

        ### Non-HA:

        ```bash
        kubectl create namespace argocd
        kubectl apply -n argocd -f https://raw.githubusercontent.com/argoproj/argo-cd/v2.2.5/manifests/install.yaml
        ```

        #### HA:

        ```bash
        kubectl create namespace argocd
        kubectl apply -n argocd -f https://raw.githubusercontent.com/argoproj/argo-cd/v2.2.5/manifests/ha/install.yaml
        ```

        #### Bug Fixes

        - fix: Resolve symlinked value files correctly (#8387)
      created_at: "2022-02-05T01:26:23Z"
      draft: false
      html_url: https://github.com/argoproj/argo-cd/releases/tag/v2.2.5
      id: 58743612
      name: v2.2.5
      node_id: RE_kwDOBzS60s4DgFs8
      prerelease: false
      published_at: "2022-02-05T01:42:13Z"
      tag_name: v2.2.5
      tarball_url: https://api.github.com/repos/argoproj/argo-cd/tarball/v2.2.5
      target_commitish: f6501652c43bfe93af354c4f4faf0f6d9cf3153c
      upload_url: https://uploads.github.com/repos/argoproj/argo-cd/releases/58743612/assets{?name,label}
      url: https://api.github.com/repos/argoproj/argo-cd/releases/58743612
      zipball_url: https://api.github.com/repos/argoproj/argo-cd/zipball/v2.2.5
  helmfile:
    version: 0.143.0
    versions:
    - 0.143.0
    githubRelease:
      assets:
      - browser_download_url: https://github.com/roboll/helmfile/releases/download/v0.143.0/helmfile_darwin_amd64
        content_type: application/octet-stream
        created_at: "2022-01-10T09:04:18Z"
        download_count: 365
        id: 53597712
        label: ""
        name: helmfile_darwin_amd64
        node_id: RA_kwDOBHDEHc4DMdYQ
        size: 45655888
        state: uploaded
        updated_at: "2022-01-10T09:04:21Z"
        uploader:
          avatar_url: https://avatars.githubusercontent.com/u/1259631?v=4
          events_url: https://api.github.com/users/roboll/events{/privacy}
          followers_url: https://api.github.com/users/roboll/followers
          following_url: https://api.github.com/users/roboll/following{/other_user}
          gists_url: https://api.github.com/users/roboll/gists{/gist_id}
          gravatar_id: ""
          html_url: https://github.com/roboll
          id: 1259631
          login: roboll
          node_id: MDQ6VXNlcjEyNTk2MzE=
          organizations_url: https://api.github.com/users/roboll/orgs
          received_events_url: https://api.github.com/users/roboll/received_events
          repos_url: https://api.github.com/users/roboll/repos
          site_admin: false
          starred_url: https://api.github.com/users/roboll/starred{/owner}{/repo}
          subscriptions_url: https://api.github.com/users/roboll/subscriptions
          type: User
          url: https://api.github.com/users/roboll
        url: https://api.github.com/repos/roboll/helmfile/releases/assets/53597712
      - browser_download_url: https://github.com/roboll/helmfile/releases/download/v0.143.0/helmfile_darwin_arm64
        content_type: application/octet-stream
        created_at: "2022-01-10T09:04:18Z"
        download_count: 61
        id: 53597709
        label: ""
        name: helmfile_darwin_arm64
        node_id: RA_kwDOBHDEHc4DMdYN
        size: 46922466
        state: uploaded
        updated_at: "2022-01-10T09:04:21Z"
        uploader:
          avatar_url: https://avatars.githubusercontent.com/u/1259631?v=4
          events_url: https://api.github.com/users/roboll/events{/privacy}
          followers_url: https://api.github.com/users/roboll/followers
          following_url: https://api.github.com/users/roboll/following{/other_user}
          gists_url: https://api.github.com/users/roboll/gists{/gist_id}
          gravatar_id: ""
          html_url: https://github.com/roboll
          id: 1259631
          login: roboll
          node_id: MDQ6VXNlcjEyNTk2MzE=
          organizations_url: https://api.github.com/users/roboll/orgs
          received_events_url: https://api.github.com/users/roboll/received_events
          repos_url: https://api.github.com/users/roboll/repos
          site_admin: false
          starred_url: https://api.github.com/users/roboll/starred{/owner}{/repo}
          subscriptions_url: https://api.github.com/users/roboll/subscriptions
          type: User
          url: https://api.github.com/users/roboll
        url: https://api.github.com/repos/roboll/helmfile/releases/assets/53597709
      - browser_download_url: https://github.com/roboll/helmfile/releases/download/v0.143.0/helmfile_linux_386
        content_type: application/octet-stream
        created_at: "2022-01-10T09:04:18Z"
        download_count: 202
        id: 53597713
        label: ""
        name: helmfile_linux_386
        node_id: RA_kwDOBHDEHc4DMdYR
        size: 41168758
        state: uploaded
        updated_at: "2022-01-10T09:04:21Z"
        uploader:
          avatar_url: https://avatars.githubusercontent.com/u/1259631?v=4
          events_url: https://api.github.com/users/roboll/events{/privacy}
          followers_url: https://api.github.com/users/roboll/followers
          following_url: https://api.github.com/users/roboll/following{/other_user}
          gists_url: https://api.github.com/users/roboll/gists{/gist_id}
          gravatar_id: ""
          html_url: https://github.com/roboll
          id: 1259631
          login: roboll
          node_id: MDQ6VXNlcjEyNTk2MzE=
          organizations_url: https://api.github.com/users/roboll/orgs
          received_events_url: https://api.github.com/users/roboll/received_events
          repos_url: https://api.github.com/users/roboll/repos
          site_admin: false
          starred_url: https://api.github.com/users/roboll/starred{/owner}{/repo}
          subscriptions_url: https://api.github.com/users/roboll/subscriptions
          type: User
          url: https://api.github.com/users/roboll
        url: https://api.github.com/repos/roboll/helmfile/releases/assets/53597713
      - browser_download_url: https://github.com/roboll/helmfile/releases/download/v0.143.0/helmfile_linux_amd64
        content_type: application/octet-stream
        created_at: "2022-01-10T09:04:18Z"
        download_count: 10179
        id: 53597708
        label: ""
        name: helmfile_linux_amd64
        node_id: RA_kwDOBHDEHc4DMdYM
        size: 46030994
        state: uploaded
        updated_at: "2022-01-10T09:04:20Z"
        uploader:
          avatar_url: https://avatars.githubusercontent.com/u/1259631?v=4
          events_url: https://api.github.com/users/roboll/events{/privacy}
          followers_url: https://api.github.com/users/roboll/followers
          following_url: https://api.github.com/users/roboll/following{/other_user}
          gists_url: https://api.github.com/users/roboll/gists{/gist_id}
          gravatar_id: ""
          html_url: https://github.com/roboll
          id: 1259631
          login: roboll
          node_id: MDQ6VXNlcjEyNTk2MzE=
          organizations_url: https://api.github.com/users/roboll/orgs
          received_events_url: https://api.github.com/users/roboll/received_events
          repos_url: https://api.github.com/users/roboll/repos
          site_admin: false
          starred_url: https://api.github.com/users/roboll/starred{/owner}{/repo}
          subscriptions_url: https://api.github.com/users/roboll/subscriptions
          type: User
          url: https://api.github.com/users/roboll
        url: https://api.github.com/repos/roboll/helmfile/releases/assets/53597708
      - browser_download_url: https://github.com/roboll/helmfile/releases/download/v0.143.0/helmfile_linux_arm64
        content_type: application/octet-stream
        created_at: "2022-01-10T09:04:18Z"
        download_count: 138
        id: 53597714
        label: ""
        name: helmfile_linux_arm64
        node_id: RA_kwDOBHDEHc4DMdYS
        size: 45336575
        state: uploaded
        updated_at: "2022-01-10T09:04:20Z"
        uploader:
          avatar_url: https://avatars.githubusercontent.com/u/1259631?v=4
          events_url: https://api.github.com/users/roboll/events{/privacy}
          followers_url: https://api.github.com/users/roboll/followers
          following_url: https://api.github.com/users/roboll/following{/other_user}
          gists_url: https://api.github.com/users/roboll/gists{/gist_id}
          gravatar_id: ""
          html_url: https://github.com/roboll
          id: 1259631
          login: roboll
          node_id: MDQ6VXNlcjEyNTk2MzE=
          organizations_url: https://api.github.com/users/roboll/orgs
          received_events_url: https://api.github.com/users/roboll/received_events
          repos_url: https://api.github.com/users/roboll/repos
          site_admin: false
          starred_url: https://api.github.com/users/roboll/starred{/owner}{/repo}
          subscriptions_url: https://api.github.com/users/roboll/subscriptions
          type: User
          url: https://api.github.com/users/roboll
        url: https://api.github.com/repos/roboll/helmfile/releases/assets/53597714
      - browser_download_url: https://github.com/roboll/helmfile/releases/download/v0.143.0/helmfile_windows_386.exe
        content_type: application/x-msdos-program
        created_at: "2022-01-10T09:04:18Z"
        download_count: 51
        id: 53597711
        label: ""
        name: helmfile_windows_386.exe
        node_id: RA_kwDOBHDEHc4DMdYP
        size: 42824704
        state: uploaded
        updated_at: "2022-01-10T09:04:21Z"
        uploader:
          avatar_url: https://avatars.githubusercontent.com/u/1259631?v=4
          events_url: https://api.github.com/users/roboll/events{/privacy}
          followers_url: https://api.github.com/users/roboll/followers
          following_url: https://api.github.com/users/roboll/following{/other_user}
          gists_url: https://api.github.com/users/roboll/gists{/gist_id}
          gravatar_id: ""
          html_url: https://github.com/roboll
          id: 1259631
          login: roboll
          node_id: MDQ6VXNlcjEyNTk2MzE=
          organizations_url: https://api.github.com/users/roboll/orgs
          received_events_url: https://api.github.com/users/roboll/received_events
          repos_url: https://api.github.com/users/roboll/repos
          site_admin: false
          starred_url: https://api.github.com/users/roboll/starred{/owner}{/repo}
          subscriptions_url: https://api.github.com/users/roboll/subscriptions
          type: User
          url: https://api.github.com/users/roboll
        url: https://api.github.com/repos/roboll/helmfile/releases/assets/53597711
      - browser_download_url: https://github.com/roboll/helmfile/releases/download/v0.143.0/helmfile_windows_amd64.exe
        content_type: application/x-msdos-program
        created_at: "2022-01-10T09:04:18Z"
        download_count: 387
        id: 53597710
        label: ""
        name: helmfile_windows_amd64.exe
        node_id: RA_kwDOBHDEHc4DMdYO
        size: 46985216
        state: uploaded
        updated_at: "2022-01-10T09:04:21Z"
        uploader:
          avatar_url: https://avatars.githubusercontent.com/u/1259631?v=4
          events_url: https://api.github.com/users/roboll/events{/privacy}
          followers_url: https://api.github.com/users/roboll/followers
          following_url: https://api.github.com/users/roboll/following{/other_user}
          gists_url: https://api.github.com/users/roboll/gists{/gist_id}
          gravatar_id: ""
          html_url: https://github.com/roboll
          id: 1259631
          login: roboll
          node_id: MDQ6VXNlcjEyNTk2MzE=
          organizations_url: https://api.github.com/users/roboll/orgs
          received_events_url: https://api.github.com/users/roboll/received_events
          repos_url: https://api.github.com/users/roboll/repos
          site_admin: false
          starred_url: https://api.github.com/users/roboll/starred{/owner}{/repo}
          subscriptions_url: https://api.github.com/users/roboll/subscriptions
          type: User
          url: https://api.github.com/users/roboll
        url: https://api.github.com/repos/roboll/helmfile/releases/assets/53597710
      assets_url: https://api.github.com/repos/roboll/helmfile/releases/56720685/assets
      author:
        avatar_url: https://avatars.githubusercontent.com/u/1259631?v=4
        events_url: https://api.github.com/users/roboll/events{/privacy}
        followers_url: https://api.github.com/users/roboll/followers
        following_url: https://api.github.com/users/roboll/following{/other_user}
        gists_url: https://api.github.com/users/roboll/gists{/gist_id}
        gravatar_id: ""
        html_url: https://github.com/roboll
        id: 1259631
        login: roboll
        node_id: MDQ6VXNlcjEyNTk2MzE=
        organizations_url: https://api.github.com/users/roboll/orgs
        received_events_url: https://api.github.com/users/roboll/received_events
        repos_url: https://api.github.com/users/roboll/repos
        site_admin: false
        starred_url: https://api.github.com/users/roboll/starred{/owner}{/repo}
        subscriptions_url: https://api.github.com/users/roboll/subscriptions
        type: User
        url: https://api.github.com/users/roboll
      body: "9e9a90f (HEAD, tag: v0.143.0, origin/master, origin/HEAD, master) Fix
        panic on normalizing path containing .. (#2042)\nc069fbf add cleanup to write-values
        & lint to harmonise this flag (#2021)\n346e318 Correct enabled property in
        helmfile list (#1921)\n753de35 Add readDir as a templating function (#1934)\n16f1961
        Set postsync and cleanup error (#2009)\n8bdf377 Bump sprig library to v3.2.1
        (#1880)\n9e58082 Allow users other than root to use helm plugins (#1766)\n4d01edd
        Added example ArgoCD + helmfile deployment (#1882)\n91aa0ac Update README.md\n1735fb5
        Bump helm-diff to version 3.3.1 (#2041)\nfe8a176 feat: Option to pass kubeVersion
        to helm template (#2002)\n94f9953 support apple silicon builds (#2032)\n578c559
        Bumped go-getter to v1.5.9 (#1982)\nb101f9f Fix capitalization of disableOpenAPIValidation
        config in README (#2003)\n170e29a bump to go 1.17.3 with alpine 3.13 (#2024)\n554cbc1
        upgrade vals allowing for the use of the AzureRM terraform backend (#2029)\nd34dc7b
        Add support for --insecure-skip-tls-verify flag on helm repo add command (#1990)\n1986cb3
        feat: Add go-getter support to load base helmfiles (#1998)\n9efb7af Do fail
        on a possible typo in `needs` entries (#2026)\n3d7b428 Fix typo in README
        (#2006) \n### [Build Info](https://circleci.com/gh/roboll/helmfile/10503)"
      created_at: "2022-01-10T08:45:44Z"
      draft: false
      html_url: https://github.com/roboll/helmfile/releases/tag/v0.143.0
      id: 56720685
      name: ""
      node_id: RE_kwDOBHDEHc4DYX0t
      prerelease: false
      published_at: "2022-01-10T09:04:21Z"
      tag_name: v0.143.0
      tarball_url: https://api.github.com/repos/roboll/helmfile/tarball/v0.143.0
      target_commitish: master
      upload_url: https://uploads.github.com/repos/roboll/helmfile/releases/56720685/assets{?name,label}
      url: https://api.github.com/repos/roboll/helmfile/releases/56720685
      zipball_url: https://api.github.com/repos/roboll/helmfile/zipball/v0.143.0
meta:
  dependencies:
    argocd:
      2.2.5:
        githubRelease:
          assets:
          - browser_download_url: https://github.com/argoproj/argo-cd/releases/download/v2.2.5/argocd-darwin-amd64
            content_type: application/octet-stream
            created_at: "2022-02-05T01:42:20Z"
            download_count: 12
            id: 55896340
            label: ""
            name: argocd-darwin-amd64
            node_id: RA_kwDOBzS60s4DVOkU
            size: 110601920
            state: uploaded
            updated_at: "2022-02-05T01:42:24Z"
            uploader:
              avatar_url: https://avatars.githubusercontent.com/in/15368?v=4
              events_url: https://api.github.com/users/github-actions%5Bbot%5D/events{/privacy}
              followers_url: https://api.github.com/users/github-actions%5Bbot%5D/followers
              following_url: https://api.github.com/users/github-actions%5Bbot%5D/following{/other_user}
              gists_url: https://api.github.com/users/github-actions%5Bbot%5D/gists{/gist_id}
              gravatar_id: ""
              html_url: https://github.com/apps/github-actions
              id: 41898282
              login: github-actions[bot]
              node_id: MDM6Qm90NDE4OTgyODI=
              organizations_url: https://api.github.com/users/github-actions%5Bbot%5D/orgs
              received_events_url: https://api.github.com/users/github-actions%5Bbot%5D/received_events
              repos_url: https://api.github.com/users/github-actions%5Bbot%5D/repos
              site_admin: false
              starred_url: https://api.github.com/users/github-actions%5Bbot%5D/starred{/owner}{/repo}
              subscriptions_url: https://api.github.com/users/github-actions%5Bbot%5D/subscriptions
              type: Bot
              url: https://api.github.com/users/github-actions%5Bbot%5D
            url: https://api.github.com/repos/argoproj/argo-cd/releases/assets/55896340
          - browser_download_url: https://github.com/argoproj/argo-cd/releases/download/v2.2.5/argocd-linux-amd64
            content_type: application/octet-stream
            created_at: "2022-02-05T01:42:14Z"
            download_count: 188
            id: 55896339
            label: ""
            name: argocd-linux-amd64
            node_id: RA_kwDOBzS60s4DVOkT
            size: 111369759
            state: uploaded
            updated_at: "2022-02-05T01:42:20Z"
            uploader:
              avatar_url: https://avatars.githubusercontent.com/in/15368?v=4
              events_url: https://api.github.com/users/github-actions%5Bbot%5D/events{/privacy}
              followers_url: https://api.github.com/users/github-actions%5Bbot%5D/followers
              following_url: https://api.github.com/users/github-actions%5Bbot%5D/following{/other_user}
              gists_url: https://api.github.com/users/github-actions%5Bbot%5D/gists{/gist_id}
              gravatar_id: ""
              html_url: https://github.com/apps/github-actions
              id: 41898282
              login: github-actions[bot]
              node_id: MDM6Qm90NDE4OTgyODI=
              organizations_url: https://api.github.com/users/github-actions%5Bbot%5D/orgs
              received_events_url: https://api.github.com/users/github-actions%5Bbot%5D/received_events
              repos_url: https://api.github.com/users/github-actions%5Bbot%5D/repos
              site_admin: false
              starred_url: https://api.github.com/users/github-actions%5Bbot%5D/starred{/owner}{/repo}
              subscriptions_url: https://api.github.com/users/github-actions%5Bbot%5D/subscriptions
              type: Bot
              url: https://api.github.com/users/github-actions%5Bbot%5D
            url: https://api.github.com/repos/argoproj/argo-cd/releases/assets/55896339
          - browser_download_url: https://github.com/argoproj/argo-cd/releases/download/v2.2.5/argocd-windows-amd64.exe
            content_type: application/octet-stream
            created_at: "2022-02-05T01:42:25Z"
            download_count: 19
            id: 55896341
            label: ""
            name: argocd-windows-amd64.exe
            node_id: RA_kwDOBzS60s4DVOkV
            size: 113083392
            state: uploaded
            updated_at: "2022-02-05T01:42:29Z"
            uploader:
              avatar_url: https://avatars.githubusercontent.com/in/15368?v=4
              events_url: https://api.github.com/users/github-actions%5Bbot%5D/events{/privacy}
              followers_url: https://api.github.com/users/github-actions%5Bbot%5D/followers
              following_url: https://api.github.com/users/github-actions%5Bbot%5D/following{/other_user}
              gists_url: https://api.github.com/users/github-actions%5Bbot%5D/gists{/gist_id}
              gravatar_id: ""
              html_url: https://github.com/apps/github-actions
              id: 41898282
              login: github-actions[bot]
              node_id: MDM6Qm90NDE4OTgyODI=
              organizations_url: https://api.github.com/users/github-actions%5Bbot%5D/orgs
              received_events_url: https://api.github.com/users/github-actions%5Bbot%5D/received_events
              repos_url: https://api.github.com/users/github-actions%5Bbot%5D/repos
              site_admin: false
              starred_url: https://api.github.com/users/github-actions%5Bbot%5D/starred{/owner}{/repo}
              subscriptions_url: https://api.github.com/users/github-actions%5Bbot%5D/subscriptions
              type: Bot
              url: https://api.github.com/users/github-actions%5Bbot%5D
            url: https://api.github.com/repos/argoproj/argo-cd/releases/assets/55896341
          assets_url: https://api.github.com/repos/argoproj/argo-cd/releases/58743612/assets
          author:
            avatar_url: https://avatars.githubusercontent.com/in/15368?v=4
            events_url: https://api.github.com/users/github-actions%5Bbot%5D/events{/privacy}
            followers_url: https://api.github.com/users/github-actions%5Bbot%5D/followers
            following_url: https://api.github.com/users/github-actions%5Bbot%5D/following{/other_user}
            gists_url: https://api.github.com/users/github-actions%5Bbot%5D/gists{/gist_id}
            gravatar_id: ""
            html_url: https://github.com/apps/github-actions
            id: 41898282
            login: github-actions[bot]
            node_id: MDM6Qm90NDE4OTgyODI=
            organizations_url: https://api.github.com/users/github-actions%5Bbot%5D/orgs
            received_events_url: https://api.github.com/users/github-actions%5Bbot%5D/received_events
            repos_url: https://api.github.com/users/github-actions%5Bbot%5D/repos
            site_admin: false
            starred_url: https://api.github.com/users/github-actions%5Bbot%5D/starred{/owner}{/repo}
            subscriptions_url: https://api.github.com/users/github-actions%5Bbot%5D/subscriptions
            type: Bot
            url: https://api.github.com/users/github-actions%5Bbot%5D
          body: |-
            ## Quick Start

            ### Non-HA:

            ```bash
            kubectl create namespace argocd
            kubectl apply -n argocd -f https://raw.githubusercontent.com/argoproj/argo-cd/v2.2.5/manifests/install.yaml
            ```

            #### HA:

            ```bash
            kubectl create namespace argocd
            kubectl apply -n argocd -f https://raw.githubusercontent.com/argoproj/argo-cd/v2.2.5/manifests/ha/install.yaml
            ```

            #### Bug Fixes

            - fix: Resolve symlinked value files correctly (#8387)
          created_at: "2022-02-05T01:26:23Z"
          draft: false
          html_url: https://github.com/argoproj/argo-cd/releases/tag/v2.2.5
          id: 58743612
          name: v2.2.5
          node_id: RE_kwDOBzS60s4DgFs8
          prerelease: false
          published_at: "2022-02-05T01:42:13Z"
          tag_name: v2.2.5
          tarball_url: https://api.github.com/repos/argoproj/argo-cd/tarball/v2.2.5
          target_commitish: f6501652c43bfe93af354c4f4faf0f6d9cf3153c
          upload_url: https://uploads.github.com/repos/argoproj/argo-cd/releases/58743612/assets{?name,label}
          url: https://api.github.com/repos/argoproj/argo-cd/releases/58743612
          zipball_url: https://api.github.com/repos/argoproj/argo-cd/zipball/v2.2.5
    helmfile:
      0.143.0:
        githubRelease:
          assets:
          - browser_download_url: https://github.com/roboll/helmfile/releases/download/v0.143.0/helmfile_darwin_amd64
            content_type: application/octet-stream
            created_at: "2022-01-10T09:04:18Z"
            download_count: 365
            id: 53597712
            label: ""
            name: helmfile_darwin_amd64
            node_id: RA_kwDOBHDEHc4DMdYQ
            size: 45655888
            state: uploaded
            updated_at: "2022-01-10T09:04:21Z"
            uploader:
              avatar_url: https://avatars.githubusercontent.com/u/1259631?v=4
              events_url: https://api.github.com/users/roboll/events{/privacy}
              followers_url: https://api.github.com/users/roboll/followers
              following_url: https://api.github.com/users/roboll/following{/other_user}
              gists_url: https://api.github.com/users/roboll/gists{/gist_id}
              gravatar_id: ""
              html_url: https://github.com/roboll
              id: 1259631
              login: roboll
              node_id: MDQ6VXNlcjEyNTk2MzE=
              organizations_url: https://api.github.com/users/roboll/orgs
              received_events_url: https://api.github.com/users/roboll/received_events
              repos_url: https://api.github.com/users/roboll/repos
              site_admin: false
              starred_url: https://api.github.com/users/roboll/starred{/owner}{/repo}
              subscriptions_url: https://api.github.com/users/roboll/subscriptions
              type: User
              url: https://api.github.com/users/roboll
            url: https://api.github.com/repos/roboll/helmfile/releases/assets/53597712
          - browser_download_url: https://github.com/roboll/helmfile/releases/download/v0.143.0/helmfile_darwin_arm64
            content_type: application/octet-stream
            created_at: "2022-01-10T09:04:18Z"
            download_count: 61
            id: 53597709
            label: ""
            name: helmfile_darwin_arm64
            node_id: RA_kwDOBHDEHc4DMdYN
            size: 46922466
            state: uploaded
            updated_at: "2022-01-10T09:04:21Z"
            uploader:
              avatar_url: https://avatars.githubusercontent.com/u/1259631?v=4
              events_url: https://api.github.com/users/roboll/events{/privacy}
              followers_url: https://api.github.com/users/roboll/followers
              following_url: https://api.github.com/users/roboll/following{/other_user}
              gists_url: https://api.github.com/users/roboll/gists{/gist_id}
              gravatar_id: ""
              html_url: https://github.com/roboll
              id: 1259631
              login: roboll
              node_id: MDQ6VXNlcjEyNTk2MzE=
              organizations_url: https://api.github.com/users/roboll/orgs
              received_events_url: https://api.github.com/users/roboll/received_events
              repos_url: https://api.github.com/users/roboll/repos
              site_admin: false
              starred_url: https://api.github.com/users/roboll/starred{/owner}{/repo}
              subscriptions_url: https://api.github.com/users/roboll/subscriptions
              type: User
              url: https://api.github.com/users/roboll
            url: https://api.github.com/repos/roboll/helmfile/releases/assets/53597709
          - browser_download_url: https://github.com/roboll/helmfile/releases/download/v0.143.0/helmfile_linux_386
            content_type: application/octet-stream
            created_at: "2022-01-10T09:04:18Z"
            download_count: 202
            id: 53597713
            label: ""
            name: helmfile_linux_386
            node_id: RA_kwDOBHDEHc4DMdYR
            size: 41168758
            state: uploaded
            updated_at: "2022-01-10T09:04:21Z"
            uploader:
              avatar_url: https://avatars.githubusercontent.com/u/1259631?v=4
              events_url: https://api.github.com/users/roboll/events{/privacy}
              followers_url: https://api.github.com/users/roboll/followers
              following_url: https://api.github.com/users/roboll/following{/other_user}
              gists_url: https://api.github.com/users/roboll/gists{/gist_id}
              gravatar_id: ""
              html_url: https://github.com/roboll
              id: 1259631
              login: roboll
              node_id: MDQ6VXNlcjEyNTk2MzE=
              organizations_url: https://api.github.com/users/roboll/orgs
              received_events_url: https://api.github.com/users/roboll/received_events
              repos_url: https://api.github.com/users/roboll/repos
              site_admin: false
              starred_url: https://api.github.com/users/roboll/starred{/owner}{/repo}
              subscriptions_url: https://api.github.com/users/roboll/subscriptions
              type: User
              url: https://api.github.com/users/roboll
            url: https://api.github.com/repos/roboll/helmfile/releases/assets/53597713
          - browser_download_url: https://github.com/roboll/helmfile/releases/download/v0.143.0/helmfile_linux_amd64
            content_type: application/octet-stream
            created_at: "2022-01-10T09:04:18Z"
            download_count: 10179
            id: 53597708
            label: ""
            name: helmfile_linux_amd64
            node_id: RA_kwDOBHDEHc4DMdYM
            size: 46030994
            state: uploaded
            updated_at: "2022-01-10T09:04:20Z"
            uploader:
              avatar_url: https://avatars.githubusercontent.com/u/1259631?v=4
              events_url: https://api.github.com/users/roboll/events{/privacy}
              followers_url: https://api.github.com/users/roboll/followers
              following_url: https://api.github.com/users/roboll/following{/other_user}
              gists_url: https://api.github.com/users/roboll/gists{/gist_id}
              gravatar_id: ""
              html_url: https://github.com/roboll
              id: 1259631
              login: roboll
              node_id: MDQ6VXNlcjEyNTk2MzE=
              organizations_url: https://api.github.com/users/roboll/orgs
              received_events_url: https://api.github.com/users/roboll/received_events
              repos_url: https://api.github.com/users/roboll/repos
              site_admin: false
              starred_url: https://api.github.com/users/roboll/starred{/owner}{/repo}
              subscriptions_url: https://api.github.com/users/roboll/subscriptions
              type: User
              url: https://api.github.com/users/roboll
            url: https://api.github.com/repos/roboll/helmfile/releases/assets/53597708
          - browser_download_url: https://github.com/roboll/helmfile/releases/download/v0.143.0/helmfile_linux_arm64
            content_type: application/octet-stream
            created_at: "2022-01-10T09:04:18Z"
            download_count: 138
            id: 53597714
            label: ""
            name: helmfile_linux_arm64
            node_id: RA_kwDOBHDEHc4DMdYS
            size: 45336575
            state: uploaded
            updated_at: "2022-01-10T09:04:20Z"
            uploader:
              avatar_url: https://avatars.githubusercontent.com/u/1259631?v=4
              events_url: https://api.github.com/users/roboll/events{/privacy}
              followers_url: https://api.github.com/users/roboll/followers
              following_url: https://api.github.com/users/roboll/following{/other_user}
              gists_url: https://api.github.com/users/roboll/gists{/gist_id}
              gravatar_id: ""
              html_url: https://github.com/roboll
              id: 1259631
              login: roboll
              node_id: MDQ6VXNlcjEyNTk2MzE=
              organizations_url: https://api.github.com/users/roboll/orgs
              received_events_url: https://api.github.com/users/roboll/received_events
              repos_url: https://api.github.com/users/roboll/repos
              site_admin: false
              starred_url: https://api.github.com/users/roboll/starred{/owner}{/repo}
              subscriptions_url: https://api.github.com/users/roboll/subscriptions
              type: User
              url: https://api.github.com/users/roboll
            url: https://api.github.com/repos/roboll/helmfile/releases/assets/53597714
          - browser_download_url: https://github.com/roboll/helmfile/releases/download/v0.143.0/helmfile_windows_386.exe
            content_type: application/x-msdos-program
            created_at: "2022-01-10T09:04:18Z"
            download_count: 51
            id: 53597711
            label: ""
            name: helmfile_windows_386.exe
            node_id: RA_kwDOBHDEHc4DMdYP
            size: 42824704
            state: uploaded
            updated_at: "2022-01-10T09:04:21Z"
            uploader:
              avatar_url: https://avatars.githubusercontent.com/u/1259631?v=4
              events_url: https://api.github.com/users/roboll/events{/privacy}
              followers_url: https://api.github.com/users/roboll/followers
              following_url: https://api.github.com/users/roboll/following{/other_user}
              gists_url: https://api.github.com/users/roboll/gists{/gist_id}
              gravatar_id: ""
              html_url: https://github.com/roboll
              id: 1259631
              login: roboll
              node_id: MDQ6VXNlcjEyNTk2MzE=
              organizations_url: https://api.github.com/users/roboll/orgs
              received_events_url: https://api.github.com/users/roboll/received_events
              repos_url: https://api.github.com/users/roboll/repos
              site_admin: false
              starred_url: https://api.github.com/users/roboll/starred{/owner}{/repo}
              subscriptions_url: https://api.github.com/users/roboll/subscriptions
              type: User
              url: https://api.github.com/users/roboll
            url: https://api.github.com/repos/roboll/helmfile/releases/assets/53597711
          - browser_download_url: https://github.com/roboll/helmfile/releases/download/v0.143.0/helmfile_windows_amd64.exe
            content_type: application/x-msdos-program
            created_at: "2022-01-10T09:04:18Z"
            download_count: 387
            id: 53597710
            label: ""
            name: helmfile_windows_amd64.exe
            node_id: RA_kwDOBHDEHc4DMdYO
            size: 46985216
            state: uploaded
            updated_at: "2022-01-10T09:04:21Z"
            uploader:
              avatar_url: https://avatars.githubusercontent.com/u/1259631?v=4
              events_url: https://api.github.com/users/roboll/events{/privacy}
              followers_url: https://api.github.com/users/roboll/followers
              following_url: https://api.github.com/users/roboll/following{/other_user}
              gists_url: https://api.github.com/users/roboll/gists{/gist_id}
              gravatar_id: ""
              html_url: https://github.com/roboll
              id: 1259631
              login: roboll
              node_id: MDQ6VXNlcjEyNTk2MzE=
              organizations_url: https://api.github.com/users/roboll/orgs
              received_events_url: https://api.github.com/users/roboll/received_events
              repos_url: https://api.github.com/users/roboll/repos
              site_admin: false
              starred_url: https://api.github.com/users/roboll/starred{/owner}{/repo}
              subscriptions_url: https://api.github.com/users/roboll/subscriptions
              type: User
              url: https://api.github.com/users/roboll
            url: https://api.github.com/repos/roboll/helmfile/releases/assets/53597710
          assets_url: https://api.github.com/repos/roboll/helmfile/releases/56720685/assets
          author:
            avatar_url: https://avatars.githubusercontent.com/u/1259631?v=4
            events_url: https://api.github.com/users/roboll/events{/privacy}
            followers_url: https://api.github.com/users/roboll/followers
            following_url: https://api.github.com/users/roboll/following{/other_user}
            gists_url: https://api.github.com/users/roboll/gists{/gist_id}
            gravatar_id: ""
            html_url: https://github.com/roboll
            id: 1259631
            login: roboll
            node_id: MDQ6VXNlcjEyNTk2MzE=
            organizations_url: https://api.github.com/users/roboll/orgs
            received_events_url: https://api.github.com/users/roboll/received_events
            repos_url: https://api.github.com/users/roboll/repos
            site_admin: false
            starred_url: https://api.github.com/users/roboll/starred{/owner}{/repo}
            subscriptions_url: https://api.github.com/users/roboll/subscriptions
            type: User
            url: https://api.github.com/users/roboll
          body: "9e9a90f (HEAD, tag: v0.143.0, origin/master, origin/HEAD, master)
            Fix panic on normalizing path containing .. (#2042)\nc069fbf add cleanup
            to write-values & lint to harmonise this flag (#2021)\n346e318 Correct
            enabled property in helmfile list (#1921)\n753de35 Add readDir as a templating
            function (#1934)\n16f1961 Set postsync and cleanup error (#2009)\n8bdf377
            Bump sprig library to v3.2.1 (#1880)\n9e58082 Allow users other than root
            to use helm plugins (#1766)\n4d01edd Added example ArgoCD + helmfile deployment
            (#1882)\n91aa0ac Update README.md\n1735fb5 Bump helm-diff to version 3.3.1
            (#2041)\nfe8a176 feat: Option to pass kubeVersion to helm template (#2002)\n94f9953
            support apple silicon builds (#2032)\n578c559 Bumped go-getter to v1.5.9
            (#1982)\nb101f9f Fix capitalization of disableOpenAPIValidation config
            in README (#2003)\n170e29a bump to go 1.17.3 with alpine 3.13 (#2024)\n554cbc1
            upgrade vals allowing for the use of the AzureRM terraform backend (#2029)\nd34dc7b
            Add support for --insecure-skip-tls-verify flag on helm repo add command
            (#1990)\n1986cb3 feat: Add go-getter support to load base helmfiles (#1998)\n9efb7af
            Do fail on a possible typo in `needs` entries (#2026)\n3d7b428 Fix typo
            in README (#2006) \n### [Build Info](https://circleci.com/gh/roboll/helmfile/10503)"
          created_at: "2022-01-10T08:45:44Z"
          draft: false
          html_url: https://github.com/roboll/helmfile/releases/tag/v0.143.0
          id: 56720685
          name: ""
          node_id: RE_kwDOBHDEHc4DYX0t
          prerelease: false
          published_at: "2022-01-10T09:04:21Z"
          tag_name: v0.143.0
          tarball_url: https://api.github.com/repos/roboll/helmfile/tarball/v0.143.0
          target_commitish: master
          upload_url: https://uploads.github.com/repos/roboll/helmfile/releases/56720685/assets{?name,label}
          url: https://api.github.com/repos/roboll/helmfile/releases/56720685
          zipball_url: https://api.github.com/repos/roboll/helmfile/zipball/v0.143.0
