dependencies:
  argocd:
    version: 2.1.7
    versions:
    - 2.1.7
    githubRelease:
      assets:
      - browser_download_url: https://github.com/argoproj/argo-cd/releases/download/v2.1.7/argocd-darwin-amd64
        content_type: application/octet-stream
        created_at: "2021-11-17T22:19:02Z"
        download_count: 61
        id: 49706710
        label: ""
        name: argocd-darwin-amd64
        node_id: RA_kwDOBzS60s4C9nbW
        size: 109992448
        state: uploaded
        updated_at: "2021-11-17T22:19:05Z"
        uploader:
          avatar_url: https://avatars.githubusercontent.com/in/15368?v=4
          events_url: https://api.github.com/users/github-actions%5Bbot%5D/events{/privacy}
          followers_url: https://api.github.com/users/github-actions%5Bbot%5D/followers
          following_url: https://api.github.com/users/github-actions%5Bbot%5D/following{/other_user}
          gists_url: https://api.github.com/users/github-actions%5Bbot%5D/gists{/gist_id}
          gravatar_id: ""
          html_url: https://github.com/apps/github-actions
          id: 41898282
          login: github-actions[bot]
          node_id: MDM6Qm90NDE4OTgyODI=
          organizations_url: https://api.github.com/users/github-actions%5Bbot%5D/orgs
          received_events_url: https://api.github.com/users/github-actions%5Bbot%5D/received_events
          repos_url: https://api.github.com/users/github-actions%5Bbot%5D/repos
          site_admin: false
          starred_url: https://api.github.com/users/github-actions%5Bbot%5D/starred{/owner}{/repo}
          subscriptions_url: https://api.github.com/users/github-actions%5Bbot%5D/subscriptions
          type: Bot
          url: https://api.github.com/users/github-actions%5Bbot%5D
        url: https://api.github.com/repos/argoproj/argo-cd/releases/assets/49706710
      - browser_download_url: https://github.com/argoproj/argo-cd/releases/download/v2.1.7/argocd-linux-amd64
        content_type: application/octet-stream
        created_at: "2021-11-17T22:18:59Z"
        download_count: 1952
        id: 49706706
        label: ""
        name: argocd-linux-amd64
        node_id: RA_kwDOBzS60s4C9nbS
        size: 110746731
        state: uploaded
        updated_at: "2021-11-17T22:19:01Z"
        uploader:
          avatar_url: https://avatars.githubusercontent.com/in/15368?v=4
          events_url: https://api.github.com/users/github-actions%5Bbot%5D/events{/privacy}
          followers_url: https://api.github.com/users/github-actions%5Bbot%5D/followers
          following_url: https://api.github.com/users/github-actions%5Bbot%5D/following{/other_user}
          gists_url: https://api.github.com/users/github-actions%5Bbot%5D/gists{/gist_id}
          gravatar_id: ""
          html_url: https://github.com/apps/github-actions
          id: 41898282
          login: github-actions[bot]
          node_id: MDM6Qm90NDE4OTgyODI=
          organizations_url: https://api.github.com/users/github-actions%5Bbot%5D/orgs
          received_events_url: https://api.github.com/users/github-actions%5Bbot%5D/received_events
          repos_url: https://api.github.com/users/github-actions%5Bbot%5D/repos
          site_admin: false
          starred_url: https://api.github.com/users/github-actions%5Bbot%5D/starred{/owner}{/repo}
          subscriptions_url: https://api.github.com/users/github-actions%5Bbot%5D/subscriptions
          type: Bot
          url: https://api.github.com/users/github-actions%5Bbot%5D
        url: https://api.github.com/repos/argoproj/argo-cd/releases/assets/49706706
      - browser_download_url: https://github.com/argoproj/argo-cd/releases/download/v2.1.7/argocd-windows-amd64.exe
        content_type: application/octet-stream
        created_at: "2021-11-17T22:19:05Z"
        download_count: 73
        id: 49706711
        label: ""
        name: argocd-windows-amd64.exe
        node_id: RA_kwDOBzS60s4C9nbX
        size: 112275456
        state: uploaded
        updated_at: "2021-11-17T22:19:07Z"
        uploader:
          avatar_url: https://avatars.githubusercontent.com/in/15368?v=4
          events_url: https://api.github.com/users/github-actions%5Bbot%5D/events{/privacy}
          followers_url: https://api.github.com/users/github-actions%5Bbot%5D/followers
          following_url: https://api.github.com/users/github-actions%5Bbot%5D/following{/other_user}
          gists_url: https://api.github.com/users/github-actions%5Bbot%5D/gists{/gist_id}
          gravatar_id: ""
          html_url: https://github.com/apps/github-actions
          id: 41898282
          login: github-actions[bot]
          node_id: MDM6Qm90NDE4OTgyODI=
          organizations_url: https://api.github.com/users/github-actions%5Bbot%5D/orgs
          received_events_url: https://api.github.com/users/github-actions%5Bbot%5D/received_events
          repos_url: https://api.github.com/users/github-actions%5Bbot%5D/repos
          site_admin: false
          starred_url: https://api.github.com/users/github-actions%5Bbot%5D/starred{/owner}{/repo}
          subscriptions_url: https://api.github.com/users/github-actions%5Bbot%5D/subscriptions
          type: Bot
          url: https://api.github.com/users/github-actions%5Bbot%5D
        url: https://api.github.com/repos/argoproj/argo-cd/releases/assets/49706711
      assets_url: https://api.github.com/repos/argoproj/argo-cd/releases/53595298/assets
      author:
        avatar_url: https://avatars.githubusercontent.com/in/15368?v=4
        events_url: https://api.github.com/users/github-actions%5Bbot%5D/events{/privacy}
        followers_url: https://api.github.com/users/github-actions%5Bbot%5D/followers
        following_url: https://api.github.com/users/github-actions%5Bbot%5D/following{/other_user}
        gists_url: https://api.github.com/users/github-actions%5Bbot%5D/gists{/gist_id}
        gravatar_id: ""
        html_url: https://github.com/apps/github-actions
        id: 41898282
        login: github-actions[bot]
        node_id: MDM6Qm90NDE4OTgyODI=
        organizations_url: https://api.github.com/users/github-actions%5Bbot%5D/orgs
        received_events_url: https://api.github.com/users/github-actions%5Bbot%5D/received_events
        repos_url: https://api.github.com/users/github-actions%5Bbot%5D/repos
        site_admin: false
        starred_url: https://api.github.com/users/github-actions%5Bbot%5D/starred{/owner}{/repo}
        subscriptions_url: https://api.github.com/users/github-actions%5Bbot%5D/subscriptions
        type: Bot
        url: https://api.github.com/users/github-actions%5Bbot%5D
      body: |-
        ## Quick Start

        ### Non-HA:

        ```bash
        kubectl create namespace argocd
        kubectl apply -n argocd -f https://raw.githubusercontent.com/argoproj/argo-cd/v2.1.7/manifests/install.yaml
        ```

        #### HA:

        ```bash
        kubectl create namespace argocd
        kubectl apply -n argocd -f https://raw.githubusercontent.com/argoproj/argo-cd/v2.1.7/manifests/ha/install.yaml
        ```

        #### Bug Fixes

        - Fix: Kuberenetes manifest to have new Github.com ssh known host keys for ArgoCD deployments (#7722)
      created_at: "2021-11-17T22:02:58Z"
      draft: false
      html_url: https://github.com/argoproj/argo-cd/releases/tag/v2.1.7
      id: 53595298
      name: v2.1.7
      node_id: RE_kwDOBzS60s4DMcyi
      prerelease: false
      published_at: "2021-11-17T22:18:58Z"
      reactions:
        "+1": 0
        "-1": 0
        confused: 0
        eyes: 0
        heart: 0
        hooray: 12
        laugh: 0
        rocket: 0
        total_count: 12
        url: https://api.github.com/repos/argoproj/argo-cd/releases/53595298/reactions
      tag_name: v2.1.7
      tarball_url: https://api.github.com/repos/argoproj/argo-cd/tarball/v2.1.7
      target_commitish: 5679e4060ebc18a37ea674ce5ddca68d162970c7
      upload_url: https://uploads.github.com/repos/argoproj/argo-cd/releases/53595298/assets{?name,label}
      url: https://api.github.com/repos/argoproj/argo-cd/releases/53595298
      zipball_url: https://api.github.com/repos/argoproj/argo-cd/zipball/v2.1.7
  helmfile:
    version: 0.142.0
    versions:
    - 0.142.0
    githubRelease:
      assets:
      - browser_download_url: https://github.com/roboll/helmfile/releases/download/v0.142.0/helmfile_darwin_amd64
        content_type: application/octet-stream
        created_at: "2021-11-04T01:14:26Z"
        download_count: 127
        id: 48575755
        label: ""
        name: helmfile_darwin_amd64
        node_id: RA_kwDOBHDEHc4C5TUL
        size: 43933488
        state: uploaded
        updated_at: "2021-11-04T01:14:28Z"
        uploader:
          avatar_url: https://avatars.githubusercontent.com/u/1259631?v=4
          events_url: https://api.github.com/users/roboll/events{/privacy}
          followers_url: https://api.github.com/users/roboll/followers
          following_url: https://api.github.com/users/roboll/following{/other_user}
          gists_url: https://api.github.com/users/roboll/gists{/gist_id}
          gravatar_id: ""
          html_url: https://github.com/roboll
          id: 1259631
          login: roboll
          node_id: MDQ6VXNlcjEyNTk2MzE=
          organizations_url: https://api.github.com/users/roboll/orgs
          received_events_url: https://api.github.com/users/roboll/received_events
          repos_url: https://api.github.com/users/roboll/repos
          site_admin: false
          starred_url: https://api.github.com/users/roboll/starred{/owner}{/repo}
          subscriptions_url: https://api.github.com/users/roboll/subscriptions
          type: User
          url: https://api.github.com/users/roboll
        url: https://api.github.com/repos/roboll/helmfile/releases/assets/48575755
      - browser_download_url: https://github.com/roboll/helmfile/releases/download/v0.142.0/helmfile_linux_386
        content_type: application/octet-stream
        created_at: "2021-11-04T01:14:26Z"
        download_count: 68
        id: 48575756
        label: ""
        name: helmfile_linux_386
        node_id: RA_kwDOBHDEHc4C5TUM
        size: 38429900
        state: uploaded
        updated_at: "2021-11-04T01:14:28Z"
        uploader:
          avatar_url: https://avatars.githubusercontent.com/u/1259631?v=4
          events_url: https://api.github.com/users/roboll/events{/privacy}
          followers_url: https://api.github.com/users/roboll/followers
          following_url: https://api.github.com/users/roboll/following{/other_user}
          gists_url: https://api.github.com/users/roboll/gists{/gist_id}
          gravatar_id: ""
          html_url: https://github.com/roboll
          id: 1259631
          login: roboll
          node_id: MDQ6VXNlcjEyNTk2MzE=
          organizations_url: https://api.github.com/users/roboll/orgs
          received_events_url: https://api.github.com/users/roboll/received_events
          repos_url: https://api.github.com/users/roboll/repos
          site_admin: false
          starred_url: https://api.github.com/users/roboll/starred{/owner}{/repo}
          subscriptions_url: https://api.github.com/users/roboll/subscriptions
          type: User
          url: https://api.github.com/users/roboll
        url: https://api.github.com/repos/roboll/helmfile/releases/assets/48575756
      - browser_download_url: https://github.com/roboll/helmfile/releases/download/v0.142.0/helmfile_linux_amd64
        content_type: application/octet-stream
        created_at: "2021-11-04T01:14:26Z"
        download_count: 5063
        id: 48575752
        label: ""
        name: helmfile_linux_amd64
        node_id: RA_kwDOBHDEHc4C5TUI
        size: 44314838
        state: uploaded
        updated_at: "2021-11-04T01:14:28Z"
        uploader:
          avatar_url: https://avatars.githubusercontent.com/u/1259631?v=4
          events_url: https://api.github.com/users/roboll/events{/privacy}
          followers_url: https://api.github.com/users/roboll/followers
          following_url: https://api.github.com/users/roboll/following{/other_user}
          gists_url: https://api.github.com/users/roboll/gists{/gist_id}
          gravatar_id: ""
          html_url: https://github.com/roboll
          id: 1259631
          login: roboll
          node_id: MDQ6VXNlcjEyNTk2MzE=
          organizations_url: https://api.github.com/users/roboll/orgs
          received_events_url: https://api.github.com/users/roboll/received_events
          repos_url: https://api.github.com/users/roboll/repos
          site_admin: false
          starred_url: https://api.github.com/users/roboll/starred{/owner}{/repo}
          subscriptions_url: https://api.github.com/users/roboll/subscriptions
          type: User
          url: https://api.github.com/users/roboll
        url: https://api.github.com/repos/roboll/helmfile/releases/assets/48575752
      - browser_download_url: https://github.com/roboll/helmfile/releases/download/v0.142.0/helmfile_linux_arm64
        content_type: application/octet-stream
        created_at: "2021-11-04T01:14:26Z"
        download_count: 119
        id: 48575754
        label: ""
        name: helmfile_linux_arm64
        node_id: RA_kwDOBHDEHc4C5TUK
        size: 42097366
        state: uploaded
        updated_at: "2021-11-04T01:14:27Z"
        uploader:
          avatar_url: https://avatars.githubusercontent.com/u/1259631?v=4
          events_url: https://api.github.com/users/roboll/events{/privacy}
          followers_url: https://api.github.com/users/roboll/followers
          following_url: https://api.github.com/users/roboll/following{/other_user}
          gists_url: https://api.github.com/users/roboll/gists{/gist_id}
          gravatar_id: ""
          html_url: https://github.com/roboll
          id: 1259631
          login: roboll
          node_id: MDQ6VXNlcjEyNTk2MzE=
          organizations_url: https://api.github.com/users/roboll/orgs
          received_events_url: https://api.github.com/users/roboll/received_events
          repos_url: https://api.github.com/users/roboll/repos
          site_admin: false
          starred_url: https://api.github.com/users/roboll/starred{/owner}{/repo}
          subscriptions_url: https://api.github.com/users/roboll/subscriptions
          type: User
          url: https://api.github.com/users/roboll
        url: https://api.github.com/repos/roboll/helmfile/releases/assets/48575754
      - browser_download_url: https://github.com/roboll/helmfile/releases/download/v0.142.0/helmfile_windows_386.exe
        content_type: application/x-msdos-program
        created_at: "2021-11-04T01:14:26Z"
        download_count: 23
        id: 48575757
        label: ""
        name: helmfile_windows_386.exe
        node_id: RA_kwDOBHDEHc4C5TUN
        size: 39784448
        state: uploaded
        updated_at: "2021-11-04T01:14:28Z"
        uploader:
          avatar_url: https://avatars.githubusercontent.com/u/1259631?v=4
          events_url: https://api.github.com/users/roboll/events{/privacy}
          followers_url: https://api.github.com/users/roboll/followers
          following_url: https://api.github.com/users/roboll/following{/other_user}
          gists_url: https://api.github.com/users/roboll/gists{/gist_id}
          gravatar_id: ""
          html_url: https://github.com/roboll
          id: 1259631
          login: roboll
          node_id: MDQ6VXNlcjEyNTk2MzE=
          organizations_url: https://api.github.com/users/roboll/orgs
          received_events_url: https://api.github.com/users/roboll/received_events
          repos_url: https://api.github.com/users/roboll/repos
          site_admin: false
          starred_url: https://api.github.com/users/roboll/starred{/owner}{/repo}
          subscriptions_url: https://api.github.com/users/roboll/subscriptions
          type: User
          url: https://api.github.com/users/roboll
        url: https://api.github.com/repos/roboll/helmfile/releases/assets/48575757
      - browser_download_url: https://github.com/roboll/helmfile/releases/download/v0.142.0/helmfile_windows_amd64.exe
        content_type: application/x-msdos-program
        created_at: "2021-11-04T01:14:26Z"
        download_count: 148
        id: 48575753
        label: ""
        name: helmfile_windows_amd64.exe
        node_id: RA_kwDOBHDEHc4C5TUJ
        size: 45247488
        state: uploaded
        updated_at: "2021-11-04T01:14:28Z"
        uploader:
          avatar_url: https://avatars.githubusercontent.com/u/1259631?v=4
          events_url: https://api.github.com/users/roboll/events{/privacy}
          followers_url: https://api.github.com/users/roboll/followers
          following_url: https://api.github.com/users/roboll/following{/other_user}
          gists_url: https://api.github.com/users/roboll/gists{/gist_id}
          gravatar_id: ""
          html_url: https://github.com/roboll
          id: 1259631
          login: roboll
          node_id: MDQ6VXNlcjEyNTk2MzE=
          organizations_url: https://api.github.com/users/roboll/orgs
          received_events_url: https://api.github.com/users/roboll/received_events
          repos_url: https://api.github.com/users/roboll/repos
          site_admin: false
          starred_url: https://api.github.com/users/roboll/starred{/owner}{/repo}
          subscriptions_url: https://api.github.com/users/roboll/subscriptions
          type: User
          url: https://api.github.com/users/roboll
        url: https://api.github.com/repos/roboll/helmfile/releases/assets/48575753
      assets_url: https://api.github.com/repos/roboll/helmfile/releases/52646160/assets
      author:
        avatar_url: https://avatars.githubusercontent.com/u/1259631?v=4
        events_url: https://api.github.com/users/roboll/events{/privacy}
        followers_url: https://api.github.com/users/roboll/followers
        following_url: https://api.github.com/users/roboll/following{/other_user}
        gists_url: https://api.github.com/users/roboll/gists{/gist_id}
        gravatar_id: ""
        html_url: https://github.com/roboll
        id: 1259631
        login: roboll
        node_id: MDQ6VXNlcjEyNTk2MzE=
        organizations_url: https://api.github.com/users/roboll/orgs
        received_events_url: https://api.github.com/users/roboll/received_events
        repos_url: https://api.github.com/users/roboll/repos
        site_admin: false
        starred_url: https://api.github.com/users/roboll/starred{/owner}{/repo}
        subscriptions_url: https://api.github.com/users/roboll/subscriptions
        type: User
        url: https://api.github.com/users/roboll
      body: "### [Build Info](https://circleci.com/gh/roboll/helmfile/9925)\r\n\r\n##
        What's Changed\r\n* Add support for transitive dependencies (needs). by @pjotre86
        in https://github.com/roboll/helmfile/pull/1983\r\n* Add documentation for
        needs parameterization. by @pjotre86 in https://github.com/roboll/helmfile/pull/1987\r\n*
        Process feedback for pr 1983 by @pjotre86 in https://github.com/roboll/helmfile/pull/1992\r\n*
        Make .Environment values available in .gotmpl files. by @pjotre86 in https://github.com/roboll/helmfile/pull/2000\r\n\r\n##
        New Contributors\r\n* @pjotre86 made their first contribution in https://github.com/roboll/helmfile/pull/1983\r\n\r\n**Full
        Changelog**: https://github.com/roboll/helmfile/compare/v0.141.0...v0.142.0"
      created_at: "2021-11-04T01:04:01Z"
      draft: false
      html_url: https://github.com/roboll/helmfile/releases/tag/v0.142.0
      id: 52646160
      mentions_count: 1
      name: v0.142.0
      node_id: RE_kwDOBHDEHc4DI1EQ
      prerelease: false
      published_at: "2021-11-04T01:14:29Z"
      reactions:
        "+1": 0
        "-1": 0
        confused: 0
        eyes: 0
        heart: 0
        hooray: 0
        laugh: 0
        rocket: 2
        total_count: 2
        url: https://api.github.com/repos/roboll/helmfile/releases/52646160/reactions
      tag_name: v0.142.0
      tarball_url: https://api.github.com/repos/roboll/helmfile/tarball/v0.142.0
      target_commitish: master
      upload_url: https://uploads.github.com/repos/roboll/helmfile/releases/52646160/assets{?name,label}
      url: https://api.github.com/repos/roboll/helmfile/releases/52646160
      zipball_url: https://api.github.com/repos/roboll/helmfile/zipball/v0.142.0
meta:
  dependencies:
    argocd:
      2.1.7:
        githubRelease:
          assets:
          - browser_download_url: https://github.com/argoproj/argo-cd/releases/download/v2.1.7/argocd-darwin-amd64
            content_type: application/octet-stream
            created_at: "2021-11-17T22:19:02Z"
            download_count: 61
            id: 49706710
            label: ""
            name: argocd-darwin-amd64
            node_id: RA_kwDOBzS60s4C9nbW
            size: 109992448
            state: uploaded
            updated_at: "2021-11-17T22:19:05Z"
            uploader:
              avatar_url: https://avatars.githubusercontent.com/in/15368?v=4
              events_url: https://api.github.com/users/github-actions%5Bbot%5D/events{/privacy}
              followers_url: https://api.github.com/users/github-actions%5Bbot%5D/followers
              following_url: https://api.github.com/users/github-actions%5Bbot%5D/following{/other_user}
              gists_url: https://api.github.com/users/github-actions%5Bbot%5D/gists{/gist_id}
              gravatar_id: ""
              html_url: https://github.com/apps/github-actions
              id: 41898282
              login: github-actions[bot]
              node_id: MDM6Qm90NDE4OTgyODI=
              organizations_url: https://api.github.com/users/github-actions%5Bbot%5D/orgs
              received_events_url: https://api.github.com/users/github-actions%5Bbot%5D/received_events
              repos_url: https://api.github.com/users/github-actions%5Bbot%5D/repos
              site_admin: false
              starred_url: https://api.github.com/users/github-actions%5Bbot%5D/starred{/owner}{/repo}
              subscriptions_url: https://api.github.com/users/github-actions%5Bbot%5D/subscriptions
              type: Bot
              url: https://api.github.com/users/github-actions%5Bbot%5D
            url: https://api.github.com/repos/argoproj/argo-cd/releases/assets/49706710
          - browser_download_url: https://github.com/argoproj/argo-cd/releases/download/v2.1.7/argocd-linux-amd64
            content_type: application/octet-stream
            created_at: "2021-11-17T22:18:59Z"
            download_count: 1952
            id: 49706706
            label: ""
            name: argocd-linux-amd64
            node_id: RA_kwDOBzS60s4C9nbS
            size: 110746731
            state: uploaded
            updated_at: "2021-11-17T22:19:01Z"
            uploader:
              avatar_url: https://avatars.githubusercontent.com/in/15368?v=4
              events_url: https://api.github.com/users/github-actions%5Bbot%5D/events{/privacy}
              followers_url: https://api.github.com/users/github-actions%5Bbot%5D/followers
              following_url: https://api.github.com/users/github-actions%5Bbot%5D/following{/other_user}
              gists_url: https://api.github.com/users/github-actions%5Bbot%5D/gists{/gist_id}
              gravatar_id: ""
              html_url: https://github.com/apps/github-actions
              id: 41898282
              login: github-actions[bot]
              node_id: MDM6Qm90NDE4OTgyODI=
              organizations_url: https://api.github.com/users/github-actions%5Bbot%5D/orgs
              received_events_url: https://api.github.com/users/github-actions%5Bbot%5D/received_events
              repos_url: https://api.github.com/users/github-actions%5Bbot%5D/repos
              site_admin: false
              starred_url: https://api.github.com/users/github-actions%5Bbot%5D/starred{/owner}{/repo}
              subscriptions_url: https://api.github.com/users/github-actions%5Bbot%5D/subscriptions
              type: Bot
              url: https://api.github.com/users/github-actions%5Bbot%5D
            url: https://api.github.com/repos/argoproj/argo-cd/releases/assets/49706706
          - browser_download_url: https://github.com/argoproj/argo-cd/releases/download/v2.1.7/argocd-windows-amd64.exe
            content_type: application/octet-stream
            created_at: "2021-11-17T22:19:05Z"
            download_count: 73
            id: 49706711
            label: ""
            name: argocd-windows-amd64.exe
            node_id: RA_kwDOBzS60s4C9nbX
            size: 112275456
            state: uploaded
            updated_at: "2021-11-17T22:19:07Z"
            uploader:
              avatar_url: https://avatars.githubusercontent.com/in/15368?v=4
              events_url: https://api.github.com/users/github-actions%5Bbot%5D/events{/privacy}
              followers_url: https://api.github.com/users/github-actions%5Bbot%5D/followers
              following_url: https://api.github.com/users/github-actions%5Bbot%5D/following{/other_user}
              gists_url: https://api.github.com/users/github-actions%5Bbot%5D/gists{/gist_id}
              gravatar_id: ""
              html_url: https://github.com/apps/github-actions
              id: 41898282
              login: github-actions[bot]
              node_id: MDM6Qm90NDE4OTgyODI=
              organizations_url: https://api.github.com/users/github-actions%5Bbot%5D/orgs
              received_events_url: https://api.github.com/users/github-actions%5Bbot%5D/received_events
              repos_url: https://api.github.com/users/github-actions%5Bbot%5D/repos
              site_admin: false
              starred_url: https://api.github.com/users/github-actions%5Bbot%5D/starred{/owner}{/repo}
              subscriptions_url: https://api.github.com/users/github-actions%5Bbot%5D/subscriptions
              type: Bot
              url: https://api.github.com/users/github-actions%5Bbot%5D
            url: https://api.github.com/repos/argoproj/argo-cd/releases/assets/49706711
          assets_url: https://api.github.com/repos/argoproj/argo-cd/releases/53595298/assets
          author:
            avatar_url: https://avatars.githubusercontent.com/in/15368?v=4
            events_url: https://api.github.com/users/github-actions%5Bbot%5D/events{/privacy}
            followers_url: https://api.github.com/users/github-actions%5Bbot%5D/followers
            following_url: https://api.github.com/users/github-actions%5Bbot%5D/following{/other_user}
            gists_url: https://api.github.com/users/github-actions%5Bbot%5D/gists{/gist_id}
            gravatar_id: ""
            html_url: https://github.com/apps/github-actions
            id: 41898282
            login: github-actions[bot]
            node_id: MDM6Qm90NDE4OTgyODI=
            organizations_url: https://api.github.com/users/github-actions%5Bbot%5D/orgs
            received_events_url: https://api.github.com/users/github-actions%5Bbot%5D/received_events
            repos_url: https://api.github.com/users/github-actions%5Bbot%5D/repos
            site_admin: false
            starred_url: https://api.github.com/users/github-actions%5Bbot%5D/starred{/owner}{/repo}
            subscriptions_url: https://api.github.com/users/github-actions%5Bbot%5D/subscriptions
            type: Bot
            url: https://api.github.com/users/github-actions%5Bbot%5D
          body: |-
            ## Quick Start

            ### Non-HA:

            ```bash
            kubectl create namespace argocd
            kubectl apply -n argocd -f https://raw.githubusercontent.com/argoproj/argo-cd/v2.1.7/manifests/install.yaml
            ```

            #### HA:

            ```bash
            kubectl create namespace argocd
            kubectl apply -n argocd -f https://raw.githubusercontent.com/argoproj/argo-cd/v2.1.7/manifests/ha/install.yaml
            ```

            #### Bug Fixes

            - Fix: Kuberenetes manifest to have new Github.com ssh known host keys for ArgoCD deployments (#7722)
          created_at: "2021-11-17T22:02:58Z"
          draft: false
          html_url: https://github.com/argoproj/argo-cd/releases/tag/v2.1.7
          id: 53595298
          name: v2.1.7
          node_id: RE_kwDOBzS60s4DMcyi
          prerelease: false
          published_at: "2021-11-17T22:18:58Z"
          reactions:
            "+1": 0
            "-1": 0
            confused: 0
            eyes: 0
            heart: 0
            hooray: 12
            laugh: 0
            rocket: 0
            total_count: 12
            url: https://api.github.com/repos/argoproj/argo-cd/releases/53595298/reactions
          tag_name: v2.1.7
          tarball_url: https://api.github.com/repos/argoproj/argo-cd/tarball/v2.1.7
          target_commitish: 5679e4060ebc18a37ea674ce5ddca68d162970c7
          upload_url: https://uploads.github.com/repos/argoproj/argo-cd/releases/53595298/assets{?name,label}
          url: https://api.github.com/repos/argoproj/argo-cd/releases/53595298
          zipball_url: https://api.github.com/repos/argoproj/argo-cd/zipball/v2.1.7
    helmfile:
      0.142.0:
        githubRelease:
          assets:
          - browser_download_url: https://github.com/roboll/helmfile/releases/download/v0.142.0/helmfile_darwin_amd64
            content_type: application/octet-stream
            created_at: "2021-11-04T01:14:26Z"
            download_count: 127
            id: 48575755
            label: ""
            name: helmfile_darwin_amd64
            node_id: RA_kwDOBHDEHc4C5TUL
            size: 43933488
            state: uploaded
            updated_at: "2021-11-04T01:14:28Z"
            uploader:
              avatar_url: https://avatars.githubusercontent.com/u/1259631?v=4
              events_url: https://api.github.com/users/roboll/events{/privacy}
              followers_url: https://api.github.com/users/roboll/followers
              following_url: https://api.github.com/users/roboll/following{/other_user}
              gists_url: https://api.github.com/users/roboll/gists{/gist_id}
              gravatar_id: ""
              html_url: https://github.com/roboll
              id: 1259631
              login: roboll
              node_id: MDQ6VXNlcjEyNTk2MzE=
              organizations_url: https://api.github.com/users/roboll/orgs
              received_events_url: https://api.github.com/users/roboll/received_events
              repos_url: https://api.github.com/users/roboll/repos
              site_admin: false
              starred_url: https://api.github.com/users/roboll/starred{/owner}{/repo}
              subscriptions_url: https://api.github.com/users/roboll/subscriptions
              type: User
              url: https://api.github.com/users/roboll
            url: https://api.github.com/repos/roboll/helmfile/releases/assets/48575755
          - browser_download_url: https://github.com/roboll/helmfile/releases/download/v0.142.0/helmfile_linux_386
            content_type: application/octet-stream
            created_at: "2021-11-04T01:14:26Z"
            download_count: 68
            id: 48575756
            label: ""
            name: helmfile_linux_386
            node_id: RA_kwDOBHDEHc4C5TUM
            size: 38429900
            state: uploaded
            updated_at: "2021-11-04T01:14:28Z"
            uploader:
              avatar_url: https://avatars.githubusercontent.com/u/1259631?v=4
              events_url: https://api.github.com/users/roboll/events{/privacy}
              followers_url: https://api.github.com/users/roboll/followers
              following_url: https://api.github.com/users/roboll/following{/other_user}
              gists_url: https://api.github.com/users/roboll/gists{/gist_id}
              gravatar_id: ""
              html_url: https://github.com/roboll
              id: 1259631
              login: roboll
              node_id: MDQ6VXNlcjEyNTk2MzE=
              organizations_url: https://api.github.com/users/roboll/orgs
              received_events_url: https://api.github.com/users/roboll/received_events
              repos_url: https://api.github.com/users/roboll/repos
              site_admin: false
              starred_url: https://api.github.com/users/roboll/starred{/owner}{/repo}
              subscriptions_url: https://api.github.com/users/roboll/subscriptions
              type: User
              url: https://api.github.com/users/roboll
            url: https://api.github.com/repos/roboll/helmfile/releases/assets/48575756
          - browser_download_url: https://github.com/roboll/helmfile/releases/download/v0.142.0/helmfile_linux_amd64
            content_type: application/octet-stream
            created_at: "2021-11-04T01:14:26Z"
            download_count: 5063
            id: 48575752
            label: ""
            name: helmfile_linux_amd64
            node_id: RA_kwDOBHDEHc4C5TUI
            size: 44314838
            state: uploaded
            updated_at: "2021-11-04T01:14:28Z"
            uploader:
              avatar_url: https://avatars.githubusercontent.com/u/1259631?v=4
              events_url: https://api.github.com/users/roboll/events{/privacy}
              followers_url: https://api.github.com/users/roboll/followers
              following_url: https://api.github.com/users/roboll/following{/other_user}
              gists_url: https://api.github.com/users/roboll/gists{/gist_id}
              gravatar_id: ""
              html_url: https://github.com/roboll
              id: 1259631
              login: roboll
              node_id: MDQ6VXNlcjEyNTk2MzE=
              organizations_url: https://api.github.com/users/roboll/orgs
              received_events_url: https://api.github.com/users/roboll/received_events
              repos_url: https://api.github.com/users/roboll/repos
              site_admin: false
              starred_url: https://api.github.com/users/roboll/starred{/owner}{/repo}
              subscriptions_url: https://api.github.com/users/roboll/subscriptions
              type: User
              url: https://api.github.com/users/roboll
            url: https://api.github.com/repos/roboll/helmfile/releases/assets/48575752
          - browser_download_url: https://github.com/roboll/helmfile/releases/download/v0.142.0/helmfile_linux_arm64
            content_type: application/octet-stream
            created_at: "2021-11-04T01:14:26Z"
            download_count: 119
            id: 48575754
            label: ""
            name: helmfile_linux_arm64
            node_id: RA_kwDOBHDEHc4C5TUK
            size: 42097366
            state: uploaded
            updated_at: "2021-11-04T01:14:27Z"
            uploader:
              avatar_url: https://avatars.githubusercontent.com/u/1259631?v=4
              events_url: https://api.github.com/users/roboll/events{/privacy}
              followers_url: https://api.github.com/users/roboll/followers
              following_url: https://api.github.com/users/roboll/following{/other_user}
              gists_url: https://api.github.com/users/roboll/gists{/gist_id}
              gravatar_id: ""
              html_url: https://github.com/roboll
              id: 1259631
              login: roboll
              node_id: MDQ6VXNlcjEyNTk2MzE=
              organizations_url: https://api.github.com/users/roboll/orgs
              received_events_url: https://api.github.com/users/roboll/received_events
              repos_url: https://api.github.com/users/roboll/repos
              site_admin: false
              starred_url: https://api.github.com/users/roboll/starred{/owner}{/repo}
              subscriptions_url: https://api.github.com/users/roboll/subscriptions
              type: User
              url: https://api.github.com/users/roboll
            url: https://api.github.com/repos/roboll/helmfile/releases/assets/48575754
          - browser_download_url: https://github.com/roboll/helmfile/releases/download/v0.142.0/helmfile_windows_386.exe
            content_type: application/x-msdos-program
            created_at: "2021-11-04T01:14:26Z"
            download_count: 23
            id: 48575757
            label: ""
            name: helmfile_windows_386.exe
            node_id: RA_kwDOBHDEHc4C5TUN
            size: 39784448
            state: uploaded
            updated_at: "2021-11-04T01:14:28Z"
            uploader:
              avatar_url: https://avatars.githubusercontent.com/u/1259631?v=4
              events_url: https://api.github.com/users/roboll/events{/privacy}
              followers_url: https://api.github.com/users/roboll/followers
              following_url: https://api.github.com/users/roboll/following{/other_user}
              gists_url: https://api.github.com/users/roboll/gists{/gist_id}
              gravatar_id: ""
              html_url: https://github.com/roboll
              id: 1259631
              login: roboll
              node_id: MDQ6VXNlcjEyNTk2MzE=
              organizations_url: https://api.github.com/users/roboll/orgs
              received_events_url: https://api.github.com/users/roboll/received_events
              repos_url: https://api.github.com/users/roboll/repos
              site_admin: false
              starred_url: https://api.github.com/users/roboll/starred{/owner}{/repo}
              subscriptions_url: https://api.github.com/users/roboll/subscriptions
              type: User
              url: https://api.github.com/users/roboll
            url: https://api.github.com/repos/roboll/helmfile/releases/assets/48575757
          - browser_download_url: https://github.com/roboll/helmfile/releases/download/v0.142.0/helmfile_windows_amd64.exe
            content_type: application/x-msdos-program
            created_at: "2021-11-04T01:14:26Z"
            download_count: 148
            id: 48575753
            label: ""
            name: helmfile_windows_amd64.exe
            node_id: RA_kwDOBHDEHc4C5TUJ
            size: 45247488
            state: uploaded
            updated_at: "2021-11-04T01:14:28Z"
            uploader:
              avatar_url: https://avatars.githubusercontent.com/u/1259631?v=4
              events_url: https://api.github.com/users/roboll/events{/privacy}
              followers_url: https://api.github.com/users/roboll/followers
              following_url: https://api.github.com/users/roboll/following{/other_user}
              gists_url: https://api.github.com/users/roboll/gists{/gist_id}
              gravatar_id: ""
              html_url: https://github.com/roboll
              id: 1259631
              login: roboll
              node_id: MDQ6VXNlcjEyNTk2MzE=
              organizations_url: https://api.github.com/users/roboll/orgs
              received_events_url: https://api.github.com/users/roboll/received_events
              repos_url: https://api.github.com/users/roboll/repos
              site_admin: false
              starred_url: https://api.github.com/users/roboll/starred{/owner}{/repo}
              subscriptions_url: https://api.github.com/users/roboll/subscriptions
              type: User
              url: https://api.github.com/users/roboll
            url: https://api.github.com/repos/roboll/helmfile/releases/assets/48575753
          assets_url: https://api.github.com/repos/roboll/helmfile/releases/52646160/assets
          author:
            avatar_url: https://avatars.githubusercontent.com/u/1259631?v=4
            events_url: https://api.github.com/users/roboll/events{/privacy}
            followers_url: https://api.github.com/users/roboll/followers
            following_url: https://api.github.com/users/roboll/following{/other_user}
            gists_url: https://api.github.com/users/roboll/gists{/gist_id}
            gravatar_id: ""
            html_url: https://github.com/roboll
            id: 1259631
            login: roboll
            node_id: MDQ6VXNlcjEyNTk2MzE=
            organizations_url: https://api.github.com/users/roboll/orgs
            received_events_url: https://api.github.com/users/roboll/received_events
            repos_url: https://api.github.com/users/roboll/repos
            site_admin: false
            starred_url: https://api.github.com/users/roboll/starred{/owner}{/repo}
            subscriptions_url: https://api.github.com/users/roboll/subscriptions
            type: User
            url: https://api.github.com/users/roboll
          body: "### [Build Info](https://circleci.com/gh/roboll/helmfile/9925)\r\n\r\n##
            What's Changed\r\n* Add support for transitive dependencies (needs). by
            @pjotre86 in https://github.com/roboll/helmfile/pull/1983\r\n* Add documentation
            for needs parameterization. by @pjotre86 in https://github.com/roboll/helmfile/pull/1987\r\n*
            Process feedback for pr 1983 by @pjotre86 in https://github.com/roboll/helmfile/pull/1992\r\n*
            Make .Environment values available in .gotmpl files. by @pjotre86 in https://github.com/roboll/helmfile/pull/2000\r\n\r\n##
            New Contributors\r\n* @pjotre86 made their first contribution in https://github.com/roboll/helmfile/pull/1983\r\n\r\n**Full
            Changelog**: https://github.com/roboll/helmfile/compare/v0.141.0...v0.142.0"
          created_at: "2021-11-04T01:04:01Z"
          draft: false
          html_url: https://github.com/roboll/helmfile/releases/tag/v0.142.0
          id: 52646160
          mentions_count: 1
          name: v0.142.0
          node_id: RE_kwDOBHDEHc4DI1EQ
          prerelease: false
          published_at: "2021-11-04T01:14:29Z"
          reactions:
            "+1": 0
            "-1": 0
            confused: 0
            eyes: 0
            heart: 0
            hooray: 0
            laugh: 0
            rocket: 2
            total_count: 2
            url: https://api.github.com/repos/roboll/helmfile/releases/52646160/reactions
          tag_name: v0.142.0
          tarball_url: https://api.github.com/repos/roboll/helmfile/tarball/v0.142.0
          target_commitish: master
          upload_url: https://uploads.github.com/repos/roboll/helmfile/releases/52646160/assets{?name,label}
          url: https://api.github.com/repos/roboll/helmfile/releases/52646160
          zipball_url: https://api.github.com/repos/roboll/helmfile/zipball/v0.142.0
